<?xml version="1.0" encoding="utf-8"?>
<Project ToolsVersion="4.0" xmlns="http://schemas.microsoft.com/developer/msbuild/2003">
  <ItemGroup>
    <Filter Include="Source Files">
      <UniqueIdentifier>{4FC737F1-C7A5-4376-A066-2A32D752A2FF}</UniqueIdentifier>
      <Extensions>cpp;c;cc;cxx;def;odl;idl;hpj;bat;asm;asmx</Extensions>
    </Filter>
    <Filter Include="Header Files">
      <UniqueIdentifier>{93995380-89BD-4b04-88EB-625FBE52EBFB}</UniqueIdentifier>
      <Extensions>h;hh;hpp;hxx;hm;inl;inc;xsd</Extensions>
    </Filter>
    <Filter Include="Resource Files">
      <UniqueIdentifier>{67DA6AB6-F800-4c08-8B7A-83BB121AAD01}</UniqueIdentifier>
      <Extensions>rc;ico;cur;bmp;dlg;rc2;rct;bin;rgs;gif;jpg;jpeg;jpe;resx;tiff;tif;png;wav;mfcribbon-ms</Extensions>
    </Filter>
    <Filter Include="Source Files\Components">
      <UniqueIdentifier>{d63a0e3c-993a-48af-b641-6d74dc035d89}</UniqueIdentifier>
    </Filter>
    <Filter Include="Source Files\Graphics">
      <UniqueIdentifier>{8d1fd2ce-2924-4dcb-b631-a0a0f3aadbc4}</UniqueIdentifier>
    </Filter>
    <Filter Include="Source Files\Objects">
      <UniqueIdentifier>{691e3858-b579-492e-9615-99cb204db241}</UniqueIdentifier>
    </Filter>
    <Filter Include="Source Files\Helpers">
      <UniqueIdentifier>{8cdb4c9a-20bf-45c5-8f10-52b3e6af715a}</UniqueIdentifier>
    </Filter>
    <Filter Include="Source Files\Scenes">
      <UniqueIdentifier>{c7b8f84c-5750-4cb6-961a-5b6e40eff8bf}</UniqueIdentifier>
    </Filter>
    <Filter Include="Source Files\Managers">
      <UniqueIdentifier>{ff5588e5-1fa0-494b-abd6-fe46eb37253a}</UniqueIdentifier>
    </Filter>
    <Filter Include="Source Files\Sound">
      <UniqueIdentifier>{57514ee9-72cc-4d1d-9842-d0a8b81015af}</UniqueIdentifier>
    </Filter>
    <Filter Include="Source Files\States">
      <UniqueIdentifier>{a3f6f853-554e-4ba8-937f-632f33a3fae1}</UniqueIdentifier>
    </Filter>
    <Filter Include="Source Files\Observers">
      <UniqueIdentifier>{3cba96f5-a4c2-43f0-ab66-a61ac9ae12f4}</UniqueIdentifier>
    </Filter>
    <Filter Include="Source Files\PathFinding">
      <UniqueIdentifier>{33124acc-c7e3-4b21-bfd1-1541ca15e47a}</UniqueIdentifier>
    </Filter>
    <Filter Include="Source Files\Command">
      <UniqueIdentifier>{cbdedf74-1f40-4dab-9b87-8f3d551eaec0}</UniqueIdentifier>
    </Filter>
  </ItemGroup>
  <ItemGroup>
    <ClInclude Include="GameObject.h">
      <Filter>Source Files\Objects</Filter>
    </ClInclude>
    <ClInclude Include="Renderer.h">
      <Filter>Source Files\Graphics</Filter>
    </ClInclude>
    <ClInclude Include="Texture2D.h">
      <Filter>Source Files\Graphics</Filter>
    </ClInclude>
    <ClInclude Include="Time.h">
      <Filter>Source Files\Helpers</Filter>
    </ClInclude>
    <ClInclude Include="Singleton.h">
      <Filter>Source Files\Helpers</Filter>
    </ClInclude>
    <ClInclude Include="Scene.h">
      <Filter>Source Files\Scenes</Filter>
    </ClInclude>
    <ClInclude Include="SceneManager.h">
      <Filter>Source Files\Scenes</Filter>
    </ClInclude>
    <ClInclude Include="Font.h">
      <Filter>Source Files\Graphics</Filter>
    </ClInclude>
    <ClInclude Include="InputManager.h">
      <Filter>Source Files\Managers</Filter>
    </ClInclude>
    <ClInclude Include="Transform.h">
      <Filter>Source Files\Objects</Filter>
    </ClInclude>
    <ClInclude Include="ResourceManager.h">
      <Filter>Source Files\Managers</Filter>
    </ClInclude>
    <ClInclude Include="ConsoleAudio.h">
      <Filter>Source Files\Sound</Filter>
    </ClInclude>
    <ClInclude Include="LoggedAudio.h">
      <Filter>Source Files\Sound</Filter>
    </ClInclude>
    <ClInclude Include="ServiceLocator.h">
      <Filter>Source Files\Sound</Filter>
    </ClInclude>
    <ClInclude Include="NullAudio.h">
      <Filter>Source Files\Sound</Filter>
    </ClInclude>
    <ClInclude Include="Audio.h">
      <Filter>Source Files\Sound</Filter>
    </ClInclude>
    <ClInclude Include="BaseCommand.h">
      <Filter>Source Files\Command</Filter>
    </ClInclude>
    <ClInclude Include="Cell.h">
      <Filter>Source Files\PathFinding</Filter>
    </ClInclude>
    <ClInclude Include="PathFinder.h">
      <Filter>Source Files\PathFinding</Filter>
    </ClInclude>
    <ClInclude Include="targetver.h">
      <Filter>Header Files</Filter>
    </ClInclude>
    <ClInclude Include="SpriteSheetManager.h">
      <Filter>Source Files\Managers</Filter>
    </ClInclude>
    <ClInclude Include="MiniginPCH.h">
      <Filter>Source Files</Filter>
    </ClInclude>
    <ClInclude Include="SpriteComponent.h">
      <Filter>Source Files\Components</Filter>
    </ClInclude>
    <ClInclude Include="MiniginGame.h">
      <Filter>Source Files</Filter>
    </ClInclude>
    <ClInclude Include="BaseComponent.h">
      <Filter>Source Files\Components</Filter>
    </ClInclude>
    <ClInclude Include="Component.h">
      <Filter>Source Files\Components</Filter>
    </ClInclude>
    <ClInclude Include="FpsComponent.h">
      <Filter>Source Files\Components</Filter>
    </ClInclude>
    <ClInclude Include="RenderComponent.h">
      <Filter>Source Files\Components</Filter>
    </ClInclude>
    <ClInclude Include="SpriteComponent.h">
      <Filter>Source Files\Components</Filter>
    </ClInclude>
    <ClInclude Include="TextComponent.h">
      <Filter>Source Files\Components</Filter>
    </ClInclude>
    <ClInclude Include="ColliderComponent.h">
      <Filter>Source Files\Components</Filter>
    </ClInclude>
    <ClInclude Include="ColliderManager.h">
      <Filter>Source Files\Managers</Filter>
    </ClInclude>
    <ClInclude Include="..\DigDug\BaseState.h">
      <Filter>Source Files\States</Filter>
    </ClInclude>
    <ClInclude Include="Observer.h">
      <Filter>Source Files\Observers</Filter>
    </ClInclude>
    <ClInclude Include="Subject.h">
      <Filter>Source Files\Observers</Filter>
    </ClInclude>
    <ClInclude Include="StateMachine.h">
      <Filter>Source Files\States</Filter>
    </ClInclude>
    <ClInclude Include="TileRenderComponent.h">
      <Filter>Source Files\Components</Filter>
    </ClInclude>
    <ClInclude Include="AIComponent.h">
      <Filter>Source Files\Components</Filter>
    </ClInclude>
  </ItemGroup>
  <ItemGroup>
    <ClCompile Include="GameObject.cpp">
      <Filter>Source Files\Objects</Filter>
    </ClCompile>
    <ClCompile Include="Renderer.cpp">
      <Filter>Source Files\Graphics</Filter>
    </ClCompile>
    <ClCompile Include="Texture2D.cpp">
      <Filter>Source Files\Graphics</Filter>
    </ClCompile>
    <ClCompile Include="Time.cpp">
      <Filter>Source Files\Helpers</Filter>
    </ClCompile>
    <ClCompile Include="Scene.cpp">
      <Filter>Source Files\Scenes</Filter>
    </ClCompile>
    <ClCompile Include="SceneManager.cpp">
      <Filter>Source Files\Scenes</Filter>
    </ClCompile>
    <ClCompile Include="Font.cpp">
      <Filter>Source Files\Graphics</Filter>
    </ClCompile>
    <ClCompile Include="InputManager.cpp">
      <Filter>Source Files\Managers</Filter>
    </ClCompile>
    <ClCompile Include="Transform.cpp">
      <Filter>Source Files\Objects</Filter>
    </ClCompile>
    <ClCompile Include="ResourceManager.cpp">
      <Filter>Source Files\Managers</Filter>
    </ClCompile>
    <ClCompile Include="ConsoleAudio.cpp">
      <Filter>Source Files\Sound</Filter>
    </ClCompile>
    <ClCompile Include="LoggedAudio.cpp">
      <Filter>Source Files\Sound</Filter>
    </ClCompile>
    <ClCompile Include="ServiceLocator.cpp">
      <Filter>Source Files\Sound</Filter>
    </ClCompile>
    <ClCompile Include="NullAudio.cpp">
      <Filter>Source Files\Sound</Filter>
    </ClCompile>
    <ClCompile Include="Audio.cpp">
      <Filter>Source Files\Sound</Filter>
    </ClCompile>
    <ClCompile Include="BaseCommand.cpp">
      <Filter>Source Files\Command</Filter>
    </ClCompile>
    <ClCompile Include="PathFinder.cpp">
      <Filter>Source Files\PathFinding</Filter>
    </ClCompile>
    <ClCompile Include="SpriteSheetManager.cpp">
      <Filter>Source Files\Managers</Filter>
    </ClCompile>
    <ClCompile Include="MiniginPCH.cpp">
      <Filter>Source Files</Filter>
    </ClCompile>
    <ClCompile Include="SpriteComponent.cpp">
      <Filter>Source Files\Components</Filter>
    </ClCompile>
    <ClCompile Include="MiniginGame.cpp">
      <Filter>Source Files</Filter>
    </ClCompile>
    <ClCompile Include="BaseComponent.cpp">
      <Filter>Source Files\Components</Filter>
    </ClCompile>
    <ClCompile Include="FpsComponent.cpp">
      <Filter>Source Files\Components</Filter>
    </ClCompile>
    <ClCompile Include="RenderComponent.cpp">
      <Filter>Source Files\Components</Filter>
    </ClCompile>
    <ClCompile Include="SpriteComponent.cpp">
      <Filter>Source Files\Components</Filter>
    </ClCompile>
    <ClCompile Include="TextComponent.cpp">
      <Filter>Source Files\Components</Filter>
    </ClCompile>
    <ClCompile Include="ColliderComponent.cpp">
      <Filter>Source Files\Components</Filter>
    </ClCompile>
    <ClCompile Include="ColliderManager.cpp">
      <Filter>Source Files\Managers</Filter>
    </ClCompile>
    <ClCompile Include="Subject.cpp">
      <Filter>Source Files\Observers</Filter>
    </ClCompile>
    <ClCompile Include="StateMachine.cpp">
      <Filter>Source Files\States</Filter>
    </ClCompile>
    <ClCompile Include="TileRenderComponent.cpp">
      <Filter>Source Files\Components</Filter>
    </ClCompile>
    <ClCompile Include="AIComponent.cpp">
      <Filter>Source Files\Components</Filter>
    </ClCompile>
  </ItemGroup>
</Project>